// !$*UTF8*$!
{
	archiveVersion = 1;
	classes = {
	};
	objectVersion = 46;
	objects = {

/* Begin PBXBuildFile section */
		846E3F4719E324DD009DB485 /* AppDelegate.swift in Sources */ = {isa = PBXBuildFile; fileRef = 846E3F4619E324DD009DB485 /* AppDelegate.swift */; };
		846E3F4919E324DD009DB485 /* ViewController.swift in Sources */ = {isa = PBXBuildFile; fileRef = 846E3F4819E324DD009DB485 /* ViewController.swift */; };
		846E3F4C19E324DD009DB485 /* Main.storyboard in Resources */ = {isa = PBXBuildFile; fileRef = 846E3F4A19E324DD009DB485 /* Main.storyboard */; };
		846E3F4E19E324DD009DB485 /* Images.xcassets in Resources */ = {isa = PBXBuildFile; fileRef = 846E3F4D19E324DD009DB485 /* Images.xcassets */; };
		846E3F5119E324DD009DB485 /* LaunchScreen.xib in Resources */ = {isa = PBXBuildFile; fileRef = 846E3F4F19E324DD009DB485 /* LaunchScreen.xib */; };
		846E3F5D19E324DD009DB485 /* CustomTableViewTests.swift in Sources */ = {isa = PBXBuildFile; fileRef = 846E3F5C19E324DD009DB485 /* CustomTableViewTests.swift */; };
		846E3F6719E3295E009DB485 /* CustomTableViewCell.swift in Sources */ = {isa = PBXBuildFile; fileRef = 846E3F6619E3295E009DB485 /* CustomTableViewCell.swift */; };
		846E3F6919E4408D009DB485 /* Person.swift in Sources */ = {isa = PBXBuildFile; fileRef = 846E3F6819E4408D009DB485 /* Person.swift */; };
		846E3F6E19E44C08009DB485 /* Anna.png in Resources */ = {isa = PBXBuildFile; fileRef = 846E3F6B19E44C08009DB485 /* Anna.png */; };
		846E3F6F19E44C08009DB485 /* Kayla.png in Resources */ = {isa = PBXBuildFile; fileRef = 846E3F6C19E44C08009DB485 /* Kayla.png */; };
		846E3F7119E44FD7009DB485 /* Heather.png in Resources */ = {isa = PBXBuildFile; fileRef = 846E3F7019E44FD7009DB485 /* Heather.png */; };
/* End PBXBuildFile section */

/* Begin PBXContainerItemProxy section */
		846E3F5719E324DD009DB485 /* PBXContainerItemProxy */ = {
			isa = PBXContainerItemProxy;
			containerPortal = 846E3F3919E324DD009DB485 /* Project object */;
			proxyType = 1;
			remoteGlobalIDString = 846E3F4019E324DD009DB485;
			remoteInfo = CustomTableView;
		};
/* End PBXContainerItemProxy section */

/* Begin PBXFileReference section */
		846E3F4119E324DD009DB485 /* CustomTableView.app */ = {isa = PBXFileReference; explicitFileType = wrapper.application; includeInIndex = 0; path = CustomTableView.app; sourceTree = BUILT_PRODUCTS_DIR; };
		846E3F4519E324DD009DB485 /* Info.plist */ = {isa = PBXFileReference; lastKnownFileType = text.plist.xml; path = Info.plist; sourceTree = "<group>"; };
		846E3F4619E324DD009DB485 /* AppDelegate.swift */ = {isa = PBXFileReference; lastKnownFileType = sourcecode.swift; path = AppDelegate.swift; sourceTree = "<group>"; };
		846E3F4819E324DD009DB485 /* ViewController.swift */ = {isa = PBXFileReference; lastKnownFileType = sourcecode.swift; path = ViewController.swift; sourceTree = "<group>"; };
		846E3F4B19E324DD009DB485 /* Base */ = {isa = PBXFileReference; lastKnownFileType = file.storyboard; name = Base; path = Base.lproj/Main.storyboard; sourceTree = "<group>"; };
		846E3F4D19E324DD009DB485 /* Images.xcassets */ = {isa = PBXFileReference; lastKnownFileType = folder.assetcatalog; path = Images.xcassets; sourceTree = "<group>"; };
		846E3F5019E324DD009DB485 /* Base */ = {isa = PBXFileReference; lastKnownFileType = file.xib; name = Base; path = Base.lproj/LaunchScreen.xib; sourceTree = "<group>"; };
		846E3F5619E324DD009DB485 /* CustomTableViewTests.xctest */ = {isa = PBXFileReference; explicitFileType = wrapper.cfbundle; includeInIndex = 0; path = CustomTableViewTests.xctest; sourceTree = BUILT_PRODUCTS_DIR; };
		846E3F5B19E324DD009DB485 /* Info.plist */ = {isa = PBXFileReference; lastKnownFileType = text.plist.xml; path = Info.plist; sourceTree = "<group>"; };
		846E3F5C19E324DD009DB485 /* CustomTableViewTests.swift */ = {isa = PBXFileReference; lastKnownFileType = sourcecode.swift; path = CustomTableViewTests.swift; sourceTree = "<group>"; };
		846E3F6619E3295E009DB485 /* CustomTableViewCell.swift */ = {isa = PBXFileReference; fileEncoding = 4; lastKnownFileType = sourcecode.swift; path = CustomTableViewCell.swift; sourceTree = "<group>"; };
		846E3F6819E4408D009DB485 /* Person.swift */ = {isa = PBXFileReference; fileEncoding = 4; lastKnownFileType = sourcecode.swift; path = Person.swift; sourceTree = "<group>"; };
		846E3F6B19E44C08009DB485 /* Anna.png */ = {isa = PBXFileReference; lastKnownFileType = image.png; path = Anna.png; sourceTree = "<group>"; };
		846E3F6C19E44C08009DB485 /* Kayla.png */ = {isa = PBXFileReference; lastKnownFileType = image.png; path = Kayla.png; sourceTree = "<group>"; };
		846E3F7019E44FD7009DB485 /* Heather.png */ = {isa = PBXFileReference; lastKnownFileType = image.png; path = Heather.png; sourceTree = "<group>"; };
/* End PBXFileReference section */

/* Begin PBXFrameworksBuildPhase section */
		846E3F3E19E324DD009DB485 /* Frameworks */ = {
			isa = PBXFrameworksBuildPhase;
			buildActionMask = 2147483647;
			files = (
			);
			runOnlyForDeploymentPostprocessing = 0;
		};
		846E3F5319E324DD009DB485 /* Frameworks */ = {
			isa = PBXFrameworksBuildPhase;
			buildActionMask = 2147483647;
			files = (
			);
			runOnlyForDeploymentPostprocessing = 0;
		};
/* End PBXFrameworksBuildPhase section */

/* Begin PBXGroup section */
		846E3F3819E324DD009DB485 = {
			isa = PBXGroup;
			children = (
				846E3F4319E324DD009DB485 /* CustomTableView */,
				846E3F5919E324DD009DB485 /* CustomTableViewTests */,
				846E3F4219E324DD009DB485 /* Products */,
			);
			sourceTree = "<group>";
		};
		846E3F4219E324DD009DB485 /* Products */ = {
			isa = PBXGroup;
			children = (
				846E3F4119E324DD009DB485 /* CustomTableView.app */,
				846E3F5619E324DD009DB485 /* CustomTableViewTests.xctest */,
			);
			name = Products;
			sourceTree = "<group>";
		};
		846E3F4319E324DD009DB485 /* CustomTableView */ = {
			isa = PBXGroup;
			children = (
				846E3F4619E324DD009DB485 /* AppDelegate.swift */,
				846E3F4819E324DD009DB485 /* ViewController.swift */,
				846E3F4A19E324DD009DB485 /* Main.storyboard */,
				846E3F6819E4408D009DB485 /* Person.swift */,
				846E3F6619E3295E009DB485 /* CustomTableViewCell.swift */,
				846E3F4D19E324DD009DB485 /* Images.xcassets */,
				846E3F6B19E44C08009DB485 /* Anna.png */,
				846E3F6C19E44C08009DB485 /* Kayla.png */,
				846E3F7019E44FD7009DB485 /* Heather.png */,
				846E3F4F19E324DD009DB485 /* LaunchScreen.xib */,
				846E3F4419E324DD009DB485 /* Supporting Files */,
			);
			path = CustomTableView;
			sourceTree = "<group>";
		};
		846E3F4419E324DD009DB485 /* Supporting Files */ = {
			isa = PBXGroup;
			children = (
				846E3F4519E324DD009DB485 /* Info.plist */,
			);
			name = "Supporting Files";
			sourceTree = "<group>";
		};
		846E3F5919E324DD009DB485 /* CustomTableViewTests */ = {
			isa = PBXGroup;
			children = (
				846E3F5C19E324DD009DB485 /* CustomTableViewTests.swift */,
				846E3F5A19E324DD009DB485 /* Supporting Files */,
			);
			path = CustomTableViewTests;
			sourceTree = "<group>";
		};
		846E3F5A19E324DD009DB485 /* Supporting Files */ = {
			isa = PBXGroup;
			children = (
				846E3F5B19E324DD009DB485 /* Info.plist */,
			);
			name = "Supporting Files";
			sourceTree = "<group>";
		};
/* End PBXGroup section */

/* Begin PBXNativeTarget section */
		846E3F4019E324DD009DB485 /* CustomTableView */ = {
			isa = PBXNativeTarget;
			buildConfigurationList = 846E3F6019E324DD009DB485 /* Build configuration list for PBXNativeTarget "CustomTableView" */;
			buildPhases = (
				846E3F3D19E324DD009DB485 /* Sources */,
				846E3F3E19E324DD009DB485 /* Frameworks */,
				846E3F3F19E324DD009DB485 /* Resources */,
			);
			buildRules = (
			);
			dependencies = (
			);
			name = CustomTableView;
			productName = CustomTableView;
			productReference = 846E3F4119E324DD009DB485 /* CustomTableView.app */;
			productType = "com.apple.product-type.application";
		};
		846E3F5519E324DD009DB485 /* CustomTableViewTests */ = {
			isa = PBXNativeTarget;
			buildConfigurationList = 846E3F6319E324DD009DB485 /* Build configuration list for PBXNativeTarget "CustomTableViewTests" */;
			buildPhases = (
				846E3F5219E324DD009DB485 /* Sources */,
				846E3F5319E324DD009DB485 /* Frameworks */,
				846E3F5419E324DD009DB485 /* Resources */,
			);
			buildRules = (
			);
			dependencies = (
				846E3F5819E324DD009DB485 /* PBXTargetDependency */,
			);
			name = CustomTableViewTests;
			productName = CustomTableViewTests;
			productReference = 846E3F5619E324DD009DB485 /* CustomTableViewTests.xctest */;
			productType = "com.apple.product-type.bundle.unit-test";
		};
/* End PBXNativeTarget section */

/* Begin PBXProject section */
		846E3F3919E324DD009DB485 /* Project object */ = {
			isa = PBXProject;
			attributes = {
				LastUpgradeCheck = 0600;
				ORGANIZATIONNAME = "Adnan Choudary";
				TargetAttributes = {
					846E3F4019E324DD009DB485 = {
						CreatedOnToolsVersion = 6.0.1;
					};
					846E3F5519E324DD009DB485 = {
						CreatedOnToolsVersion = 6.0.1;
						TestTargetID = 846E3F4019E324DD009DB485;
					};
				};
			};
			buildConfigurationList = 846E3F3C19E324DD009DB485 /* Build configuration list for PBXProject "CustomTableView" */;
			compatibilityVersion = "Xcode 3.2";
			developmentRegion = English;
			hasScannedForEncodings = 0;
			knownRegions = (
				en,
				Base,
			);
			mainGroup = 846E3F3819E324DD009DB485;
			productRefGroup = 846E3F4219E324DD009DB485 /* Products */;
			projectDirPath = "";
			projectRoot = "";
			targets = (
				846E3F4019E324DD009DB485 /* CustomTableView */,
				846E3F5519E324DD009DB485 /* CustomTableViewTests */,
			);
		};
/* End PBXProject section */

/* Begin PBXResourcesBuildPhase section */
		846E3F3F19E324DD009DB485 /* Resources */ = {
			isa = PBXResourcesBuildPhase;
			buildActionMask = 2147483647;
			files = (
				846E3F4C19E324DD009DB485 /* Main.storyboard in Resources */,
				846E3F5119E324DD009DB485 /* LaunchScreen.xib in Resources */,
				846E3F4E19E324DD009DB485 /* Images.xcassets in Resources */,
				846E3F7119E44FD7009DB485 /* Heather.png in Resources */,
				846E3F6E19E44C08009DB485 /* Anna.png in Resources */,
				846E3F6F19E44C08009DB485 /* Kayla.png in Resources */,
			);
			runOnlyForDeploymentPostprocessing = 0;
		};
		846E3F5419E324DD009DB485 /* Resources */ = {
			isa = PBXResourcesBuildPhase;
			buildActionMask = 2147483647;
			files = (
			);
			runOnlyForDeploymentPostprocessing = 0;
		};
/* End PBXResourcesBuildPhase section */

/* Begin PBXSourcesBuildPhase section */
		846E3F3D19E324DD009DB485 /* Sources */ = {
			isa = PBXSourcesBuildPhase;
			buildActionMask = 2147483647;
			files = (
				846E3F6719E3295E009DB485 /* CustomTableViewCell.swift in Sources */,
				846E3F4919E324DD009DB485 /* ViewController.swift in Sources */,
				846E3F6919E4408D009DB485 /* Person.swift in Sources */,
				846E3F4719E324DD009DB485 /* AppDelegate.swift in Sources */,
			);
			runOnlyForDeploymentPostprocessing = 0;
		};
		846E3F5219E324DD009DB485 /* Sources */ = {
			isa = PBXSourcesBuildPhase;
			buildActionMask = 2147483647;
			files = (
				846E3F5D19E324DD009DB485 /* CustomTableViewTests.swift in Sources */,
			);
			runOnlyForDeploymentPostprocessing = 0;
		};
/* End PBXSourcesBuildPhase section */

/* Begin PBXTargetDependency section */
		846E3F5819E324DD009DB485 /* PBXTargetDependency */ = {
			isa = PBXTargetDependency;
			target = 846E3F4019E324DD009DB485 /* CustomTableView */;
			targetProxy = 846E3F5719E324DD009DB485 /* PBXContainerItemProxy */;
		};
/* End PBXTargetDependency section */

/* Begin PBXVariantGroup section */
		846E3F4A19E324DD009DB485 /* Main.storyboard */ = {
			isa = PBXVariantGroup;
			children = (
				846E3F4B19E324DD009DB485 /* Base */,
			);
			name = Main.storyboard;
			sourceTree = "<group>";
		};
		846E3F4F19E324DD009DB485 /* LaunchScreen.xib */ = {
			isa = PBXVariantGroup;
			children = (
				846E3F5019E324DD009DB485 /* Base */,
			);
			name = LaunchScreen.xib;
			sourceTree = "<group>";
		};
/* End PBXVariantGroup section */

/* Begin XCBuildConfiguration section */
		846E3F5E19E324DD009DB485 /* Debug */ = {
			isa = XCBuildConfiguration;
			buildSettings = {
				ALWAYS_SEARCH_USER_PATHS = NO;
				CLANG_CXX_LANGUAGE_STANDARD = "gnu++0x";
				CLANG_CXX_LIBRARY = "libc++";
				CLANG_ENABLE_MODULES = YES;
				CLANG_ENABLE_OBJC_ARC = YES;
				CLANG_WARN_BOOL_CONVERSION = YES;
				CLANG_WARN_CONSTANT_CONVERSION = YES;
				CLANG_WARN_DIRECT_OBJC_ISA_USAGE = YES_ERROR;
				CLANG_WARN_EMPTY_BODY = YES;
				CLANG_WARN_ENUM_CONVERSION = YES;
				CLANG_WARN_INT_CONVERSION = YES;
				CLANG_WARN_OBJC_ROOT_CLASS = YES_ERROR;
				CLANG_WARN_UNREACHABLE_CODE = YES;
				CLANG_WARN__DUPLICATE_METHOD_MATCH = YES;
				"CODE_SIGN_IDENTITY[sdk=iphoneos*]" = "iPhone Developer";
				COPY_PHASE_STRIP = NO;
				ENABLE_STRICT_OBJC_MSGSEND = YES;
				GCC_C_LANGUAGE_STANDARD = gnu99;
				GCC_DYNAMIC_NO_PIC = NO;
				GCC_OPTIMIZATION_LEVEL = 0;
				GCC_PREPROCESSOR_DEFINITIONS = (
					"DEBUG=1",
					"$(inherited)",
				);
				GCC_SYMBOLS_PRIVATE_EXTERN = NO;
				GCC_WARN_64_TO_32_BIT_CONVERSION = YES;
				GCC_WARN_ABOUT_RETURN_TYPE = YES_ERROR;
				GCC_WARN_UNDECLARED_SELECTOR = YES;
				GCC_WARN_UNINITIALIZED_AUTOS = YES_AGGRESSIVE;
				GCC_WARN_UNUSED_FUNCTION = YES;
				GCC_WARN_UNUSED_VARIABLE = YES;
				IPHONEOS_DEPLOYMENT_TARGET = 8.0;
				MTL_ENABLE_DEBUG_INFO = YES;
				ONLY_ACTIVE_ARCH = YES;
				SDKROOT = iphoneos;
				SWIFT_OPTIMIZATION_LEVEL = "-Onone";
			};
			name = Debug;
		};
		846E3F5F19E324DD009DB485 /* Release */ = {
			isa = XCBuildConfiguration;
			buildSettings = {
				ALWAYS_SEARCH_USER_PATHS = NO;
				CLANG_CXX_LANGUAGE_STANDARD = "gnu++0x";
				CLANG_CXX_LIBRARY = "libc++";
				CLANG_ENABLE_MODULES = YES;
				CLANG_ENABLE_OBJC_ARC = YES;
				CLANG_WARN_BOOL_CONVERSION = YES;
				CLANG_WARN_CONSTANT_CONVERSION = YES;
				CLANG_WARN_DIRECT_OBJC_ISA_USAGE = YES_ERROR;
				CLANG_WARN_EMPTY_BODY = YES;
				CLANG_WARN_ENUM_CONVERSION = YES;
				CLANG_WARN_INT_CONVERSION = YES;
				CLANG_WARN_OBJC_ROOT_CLASS = YES_ERROR;
				CLANG_WARN_UNREACHABLE_CODE = YES;
				CLANG_WARN__DUPLICATE_METHOD_MATCH = YES;
				"CODE_SIGN_IDENTITY[sdk=iphoneos*]" = "iPhone Developer";
				COPY_PHASE_STRIP = YES;
				ENABLE_NS_ASSERTIONS = NO;
				ENABLE_STRICT_OBJC_MSGSEND = YES;
				GCC_C_LANGUAGE_STANDARD = gnu99;
				GCC_WARN_64_TO_32_BIT_CONVERSION = YES;
				GCC_WARN_ABOUT_RETURN_TYPE = YES_ERROR;
				GCC_WARN_UNDECLARED_SELECTOR = YES;
				GCC_WARN_UNINITIALIZED_AUTOS = YES_AGGRESSIVE;
				GCC_WARN_UNUSED_FUNCTION = YES;
				GCC_WARN_UNUSED_VARIABLE = YES;
				IPHONEOS_DEPLOYMENT_TARGET = 8.0;
				MTL_ENABLE_DEBUG_INFO = NO;
				SDKROOT = iphoneos;
				VALIDATE_PRODUCT = YES;
			};
			name = Release;
		};
		846E3F6119E324DD009DB485 /* Debug */ = {
			isa = XCBuildConfiguration;
			buildSettings = {
				ASSETCATALOG_COMPILER_APPICON_NAME = AppIcon;
				INFOPLIST_FILE = CustomTableView/Info.plist;
				LD_RUNPATH_SEARCH_PATHS = "$(inherited) @executable_path/Frameworks";
				PRODUCT_NAME = "$(TARGET_NAME)";
			};
			name = Debug;
		};
		846E3F6219E324DD009DB485 /* Release */ = {
			isa = XCBuildConfiguration;
			buildSettings = {
				ASSETCATALOG_COMPILER_APPICON_NAME = AppIcon;
				INFOPLIST_FILE = CustomTableView/Info.plist;
				LD_RUNPATH_SEARCH_PATHS = "$(inherited) @executable_path/Frameworks";
				PRODUCT_NAME = "$(TARGET_NAME)";
			};
			name = Release;
		};
		846E3F6419E324DD009DB485 /* Debug */ = {
			isa = XCBuildConfiguration;
			buildSettings = {
				BUNDLE_LOADER = "$(TEST_HOST)";
				FRAMEWORK_SEARCH_PATHS = (
					"$(SDKROOT)/Developer/Library/Frameworks",
					"$(inherited)",
				);
				GCC_PREPROCESSOR_DEFINITIONS = (
					"DEBUG=1",
					"$(inherited)",
				);
				INFOPLIST_FILE = CustomTableViewTests/Info.plist;
				LD_RUNPATH_SEARCH_PATHS = "$(inherited) @executable_path/Frameworks @loader_path/Frameworks";
				PRODUCT_NAME = "$(TARGET_NAME)";
				TEST_HOST = "$(BUILT_PRODUCTS_DIR)/CustomTableView.app/CustomTableView";
			};
			name = Debug;
		};
		846E3F6519E324DD009DB485 /* Release */ = {
			isa = XCBuildConfiguration;
			buildSettings = {
				BUNDLE_LOADER = "$(TEST_HOST)";
				FRAMEWORK_SEARCH_PATHS = (
					"$(SDKROOT)/Developer/Library/Frameworks",
					"$(inherited)",
				);
				INFOPLIST_FILE = CustomTableViewTests/Info.plist;
				LD_RUNPATH_SEARCH_PATHS = "$(inherited) @executable_path/Frameworks @loader_path/Frameworks";
				PRODUCT_NAME = "$(TARGET_NAME)";
				TEST_HOST = "$(BUILT_PRODUCTS_DIR)/CustomTableView.app/CustomTableView";
			};
			name = Release;
		};
/* End XCBuildConfiguration section */

/* Begin XCConfigurationList section */
		846E3F3C19E324DD009DB485 /* Build configuration list for PBXProject "CustomTableView" */ = {
			isa = XCConfigurationList;
			buildConfigurations = (
				846E3F5E19E324DD009DB485 /* Debug */,
				846E3F5F19E324DD009DB485 /* Release */,
			);
			defaultConfigurationIsVisible = 0;
			defaultConfigurationName = Release;
		};
		846E3F6019E324DD009DB485 /* Build configuration list for PBXNativeTarget "CustomTableView" */ = {
			isa = XCConfigurationList;
			buildConfigurations = (
				846E3F6119E324DD009DB485 /* Debug */,
				846E3F6219E324DD009DB485 /* Release */,
			);
			defaultConfigurationIsVisible = 0;
			defaultConfigurationName = Release;
		};
		846E3F6319E324DD009DB485 /* Build configuration list for PBXNativeTarget "CustomTableViewTests" */ = {
			isa = XCConfigurationList;
			buildConfigurations = (
				846E3F6419E324DD009DB485 /* Debug */,
				846E3F6519E324DD009DB485 /* Release */,
			);
			defaultConfigurationIsVisible = 0;
			defaultConfigurationName = Release;
		};
/* End XCConfigurationList section */
	};
	rootObject = 846E3F3919E324DD009DB485 /* Project object */;
}
